
Microsoft Visual Studio Solution File, Format Version 12.00
# Visual Studio Version 17
VisualStudioVersion = 17.10.35027.167
MinimumVisualStudioVersion = 10.0.40219.1
Project("{FAE04EC0-301F-11D3-BF4B-00C04F79EFBC}") = "MorgageCalculator", "MorgageCalculator\MorgageCalculator.csproj", "{12A527E6-E84A-480A-81AF-CCCCCF37AF86}"
EndProject
Project("{FAE04EC0-301F-11D3-BF4B-00C04F79EFBC}") = "MorgageCalcTest", "MorgageCalcTest\MorgageCalcTest.csproj", "{1A195B5B-6EC4-4CD6-8349-CA80D1D79925}"
EndProject
Global
	GlobalSection(SolutionConfigurationPlatforms) = preSolution
		Debug|Any CPU = Debug|Any CPU
		Release|Any CPU = Release|Any CPU
	EndGlobalSection
	GlobalSection(ProjectConfigurationPlatforms) = postSolution
		{12A527E6-E84A-480A-81AF-CCCCCF37AF86}.Debug|Any CPU.ActiveCfg = Debug|Any CPU
		{12A527E6-E84A-480A-81AF-CCCCCF37AF86}.Debug|Any CPU.Build.0 = Debug|Any CPU
		{12A527E6-E84A-480A-81AF-CCCCCF37AF86}.Release|Any CPU.ActiveCfg = Release|Any CPU
		{12A527E6-E84A-480A-81AF-CCCCCF37AF86}.Release|Any CPU.Build.0 = Release|Any CPU
		{1A195B5B-6EC4-4CD6-8349-CA80D1D79925}.Debug|Any CPU.ActiveCfg = Debug|Any CPU
		{1A195B5B-6EC4-4CD6-8349-CA80D1D79925}.Debug|Any CPU.Build.0 = Debug|Any CPU
		{1A195B5B-6EC4-4CD6-8349-CA80D1D79925}.Release|Any CPU.ActiveCfg = Release|Any CPU
		{1A195B5B-6EC4-4CD6-8349-CA80D1D79925}.Release|Any CPU.Build.0 = Release|Any CPU
	EndGlobalSection
	GlobalSection(SolutionProperties) = preSolution
		HideSolutionNode = FALSE
	EndGlobalSection
	GlobalSection(ExtensibilityGlobals) = postSolution
		SolutionGuid = {2A80F655-AE89-4F15-ADC6-D4FCDB3E0BDC}
	EndGlobalSection
EndGlobal
